lockfileVersion: 5.3

specifiers:
  sha256: ^0.2.0

dependencies:
  sha256: 0.2.0

packages:

  /convert-hex/0.1.0:
    resolution: {integrity: sha1-CMBFaJIsJ3drii6BqV05M2LqC2U=}
    dev: false

  /convert-string/0.1.0:
    resolution: {integrity: sha1-ec5BqbsNA7z3LNxqjzxW+7xkQQo=}
    dev: false

  /sha256/0.2.0:
    resolution: {integrity: sha1-c6C0GNqrcDW/+G6EkeNjQS/CqwU=}
    dependencies:
      convert-hex: 0.1.0
      convert-string: 0.1.0
    dev: false
